
Microsoft Visual Studio Solution File, Format Version 12.00
Project("{2150E333-8FDC-42A3-9474-1A3956D46DE8}") = "src", "src", "{9CA7C5DF-735E-4F01-84DD-AE66EA0623A5}"
EndProject
Project("{2150E333-8FDC-42A3-9474-1A3956D46DE8}") = "Core", "Core", "{34F05082-8DCB-43C1-9A88-E66BD8474839}"
EndProject
Project("{2150E333-8FDC-42A3-9474-1A3956D46DE8}") = "Infrastructure", "Infrastructure", "{5FB95CA4-7631-47F0-BF82-89803432A66C}"
EndProject
Project("{2150E333-8FDC-42A3-9474-1A3956D46DE8}") = "Presentation", "Presentation", "{BAFB3117-39E4-4A9A-A388-F0A055096E3A}"
EndProject
Project("{FAE04EC0-301F-11D3-BF4B-00C04F79EFBC}") = "MovieSearch.MAUI", "src\Presentation\MovieSearch.MAUI\MovieSearch.MAUI.csproj", "{39010EEB-AB9A-4F43-91C8-EA1AC43FB81B}"
EndProject
Project("{FAE04EC0-301F-11D3-BF4B-00C04F79EFBC}") = "MovieSearch.Application", "src\Core\MovieSearch.Application\MovieSearch.Application.csproj", "{6A6EB7C3-0E81-4493-946C-2ABEECD496CE}"
EndProject
Project("{FAE04EC0-301F-11D3-BF4B-00C04F79EFBC}") = "MovieSearch.Domain", "src\Core\MovieSearch.Domain\MovieSearch.Domain.csproj", "{EF151FE5-BCAB-466D-8F57-0151D14E78D2}"
EndProject
Project("{FAE04EC0-301F-11D3-BF4B-00C04F79EFBC}") = "MovieSearch.Infrastructure", "src\Infrastructure\MovieSearch.Infrastructure\MovieSearch.Infrastructure.csproj", "{40ABB716-EAA8-4106-91CD-D72F51B86545}"
EndProject
Project("{FAE04EC0-301F-11D3-BF4B-00C04F79EFBC}") = "MovieSearch.Persistence", "src\Infrastructure\MovieSearch.Persistence\MovieSearch.Persistence.csproj", "{B7970000-CD54-4D40-9104-1B3C7B252C3A}"
EndProject
Project("{FAE04EC0-301F-11D3-BF4B-00C04F79EFBC}") = "MovieSearch.WebApi", "src\Presentation\MovieSearch.WebApi\MovieSearch.WebApi.csproj", "{A0A61E4E-4B4C-400A-AD79-2C5D90DEC377}"
EndProject
Project("{2150E333-8FDC-42A3-9474-1A3956D46DE8}") = "Tests", "Tests", "{8DAE7A75-C2F2-4093-862F-E25DA24E2B7B}"
EndProject
Project("{FAE04EC0-301F-11D3-BF4B-00C04F79EFBC}") = "MovieSearch.Persistence.Test", "src\Tests\MovieSearch.Persistence.Test\MovieSearch.Persistence.Test.csproj", "{78A356DE-82D4-428D-95FB-39360000FAF0}"
EndProject
Project("{FAE04EC0-301F-11D3-BF4B-00C04F79EFBC}") = "MovieSearch.Architecture.Test", "src\Tests\MovieSearch.Architecture.Test\MovieSearch.Architecture.Test.csproj", "{4169315B-F43A-4022-A4DC-C67693001A4D}"
EndProject
Global
	GlobalSection(SolutionConfigurationPlatforms) = preSolution
		Debug|Any CPU = Debug|Any CPU
		Release|Any CPU = Release|Any CPU
	EndGlobalSection
	GlobalSection(NestedProjects) = preSolution
		{34F05082-8DCB-43C1-9A88-E66BD8474839} = {9CA7C5DF-735E-4F01-84DD-AE66EA0623A5}
		{5FB95CA4-7631-47F0-BF82-89803432A66C} = {9CA7C5DF-735E-4F01-84DD-AE66EA0623A5}
		{BAFB3117-39E4-4A9A-A388-F0A055096E3A} = {9CA7C5DF-735E-4F01-84DD-AE66EA0623A5}
		{39010EEB-AB9A-4F43-91C8-EA1AC43FB81B} = {BAFB3117-39E4-4A9A-A388-F0A055096E3A}
		{6A6EB7C3-0E81-4493-946C-2ABEECD496CE} = {34F05082-8DCB-43C1-9A88-E66BD8474839}
		{EF151FE5-BCAB-466D-8F57-0151D14E78D2} = {34F05082-8DCB-43C1-9A88-E66BD8474839}
		{40ABB716-EAA8-4106-91CD-D72F51B86545} = {5FB95CA4-7631-47F0-BF82-89803432A66C}
		{B7970000-CD54-4D40-9104-1B3C7B252C3A} = {5FB95CA4-7631-47F0-BF82-89803432A66C}
		{A0A61E4E-4B4C-400A-AD79-2C5D90DEC377} = {BAFB3117-39E4-4A9A-A388-F0A055096E3A}
		{8DAE7A75-C2F2-4093-862F-E25DA24E2B7B} = {9CA7C5DF-735E-4F01-84DD-AE66EA0623A5}
		{78A356DE-82D4-428D-95FB-39360000FAF0} = {8DAE7A75-C2F2-4093-862F-E25DA24E2B7B}
		{4169315B-F43A-4022-A4DC-C67693001A4D} = {8DAE7A75-C2F2-4093-862F-E25DA24E2B7B}
	EndGlobalSection
	GlobalSection(ProjectConfigurationPlatforms) = postSolution
		{39010EEB-AB9A-4F43-91C8-EA1AC43FB81B}.Debug|Any CPU.ActiveCfg = Debug|Any CPU
		{39010EEB-AB9A-4F43-91C8-EA1AC43FB81B}.Debug|Any CPU.Build.0 = Debug|Any CPU
		{39010EEB-AB9A-4F43-91C8-EA1AC43FB81B}.Release|Any CPU.ActiveCfg = Release|Any CPU
		{39010EEB-AB9A-4F43-91C8-EA1AC43FB81B}.Release|Any CPU.Build.0 = Release|Any CPU
		{6A6EB7C3-0E81-4493-946C-2ABEECD496CE}.Debug|Any CPU.ActiveCfg = Debug|Any CPU
		{6A6EB7C3-0E81-4493-946C-2ABEECD496CE}.Debug|Any CPU.Build.0 = Debug|Any CPU
		{6A6EB7C3-0E81-4493-946C-2ABEECD496CE}.Release|Any CPU.ActiveCfg = Release|Any CPU
		{6A6EB7C3-0E81-4493-946C-2ABEECD496CE}.Release|Any CPU.Build.0 = Release|Any CPU
		{EF151FE5-BCAB-466D-8F57-0151D14E78D2}.Debug|Any CPU.ActiveCfg = Debug|Any CPU
		{EF151FE5-BCAB-466D-8F57-0151D14E78D2}.Debug|Any CPU.Build.0 = Debug|Any CPU
		{EF151FE5-BCAB-466D-8F57-0151D14E78D2}.Release|Any CPU.ActiveCfg = Release|Any CPU
		{EF151FE5-BCAB-466D-8F57-0151D14E78D2}.Release|Any CPU.Build.0 = Release|Any CPU
		{40ABB716-EAA8-4106-91CD-D72F51B86545}.Debug|Any CPU.ActiveCfg = Debug|Any CPU
		{40ABB716-EAA8-4106-91CD-D72F51B86545}.Debug|Any CPU.Build.0 = Debug|Any CPU
		{40ABB716-EAA8-4106-91CD-D72F51B86545}.Release|Any CPU.ActiveCfg = Release|Any CPU
		{40ABB716-EAA8-4106-91CD-D72F51B86545}.Release|Any CPU.Build.0 = Release|Any CPU
		{B7970000-CD54-4D40-9104-1B3C7B252C3A}.Debug|Any CPU.ActiveCfg = Debug|Any CPU
		{B7970000-CD54-4D40-9104-1B3C7B252C3A}.Debug|Any CPU.Build.0 = Debug|Any CPU
		{B7970000-CD54-4D40-9104-1B3C7B252C3A}.Release|Any CPU.ActiveCfg = Release|Any CPU
		{B7970000-CD54-4D40-9104-1B3C7B252C3A}.Release|Any CPU.Build.0 = Release|Any CPU
		{A0A61E4E-4B4C-400A-AD79-2C5D90DEC377}.Debug|Any CPU.ActiveCfg = Debug|Any CPU
		{A0A61E4E-4B4C-400A-AD79-2C5D90DEC377}.Debug|Any CPU.Build.0 = Debug|Any CPU
		{A0A61E4E-4B4C-400A-AD79-2C5D90DEC377}.Release|Any CPU.ActiveCfg = Release|Any CPU
		{A0A61E4E-4B4C-400A-AD79-2C5D90DEC377}.Release|Any CPU.Build.0 = Release|Any CPU
		{78A356DE-82D4-428D-95FB-39360000FAF0}.Debug|Any CPU.ActiveCfg = Debug|Any CPU
		{78A356DE-82D4-428D-95FB-39360000FAF0}.Debug|Any CPU.Build.0 = Debug|Any CPU
		{78A356DE-82D4-428D-95FB-39360000FAF0}.Release|Any CPU.ActiveCfg = Release|Any CPU
		{78A356DE-82D4-428D-95FB-39360000FAF0}.Release|Any CPU.Build.0 = Release|Any CPU
		{4169315B-F43A-4022-A4DC-C67693001A4D}.Debug|Any CPU.ActiveCfg = Debug|Any CPU
		{4169315B-F43A-4022-A4DC-C67693001A4D}.Debug|Any CPU.Build.0 = Debug|Any CPU
		{4169315B-F43A-4022-A4DC-C67693001A4D}.Release|Any CPU.ActiveCfg = Release|Any CPU
		{4169315B-F43A-4022-A4DC-C67693001A4D}.Release|Any CPU.Build.0 = Release|Any CPU
	EndGlobalSection
	GlobalSection(RiderSharedRunConfigurations) = postSolution
		File = Windows.run.xml
	EndGlobalSection
EndGlobal
